// !$*UTF8*$!
{
	archiveVersion = 1;
	classes = {
	};
	objectVersion = 45;
	objects = {

/* Begin PBXBuildFile section */
		057A7ADE117F0EA50030645A /* AFCache.h in Headers */ = {isa = PBXBuildFile; fileRef = 057A7AD5117F0EA50030645A /* AFCache.h */; settings = {ATTRIBUTES = (Public, ); }; };
		057A7ADF117F0EA50030645A /* AFCache.m in Sources */ = {isa = PBXBuildFile; fileRef = 057A7AD6117F0EA50030645A /* AFCache.m */; };
		057A7AE0117F0EA50030645A /* AFCache+PrivateExtensions.h in Headers */ = {isa = PBXBuildFile; fileRef = 057A7AD7117F0EA50030645A /* AFCache+PrivateExtensions.h */; };
		057A7AE1117F0EA50030645A /* AFCacheableItem.h in Headers */ = {isa = PBXBuildFile; fileRef = 057A7AD8117F0EA50030645A /* AFCacheableItem.h */; };
		057A7AE2117F0EA50030645A /* AFCacheableItem.m in Sources */ = {isa = PBXBuildFile; fileRef = 057A7AD9117F0EA50030645A /* AFCacheableItem.m */; };
		057A7B0A117F11EB0030645A /* LogicTests.m in Sources */ = {isa = PBXBuildFile; fileRef = 057A7B09117F11EB0030645A /* LogicTests.m */; };
		057A7B21117F164A0030645A /* SystemConfiguration.framework in Frameworks */ = {isa = PBXBuildFile; fileRef = 057A7B20117F164A0030645A /* SystemConfiguration.framework */; };
		057E28C51199B86B00E1B0B2 /* AFCacheableItemInfo.m in Sources */ = {isa = PBXBuildFile; fileRef = 0541E32F118719D00002C10A /* AFCacheableItemInfo.m */; };
		057E28C61199B87000E1B0B2 /* AFCacheableItemInfo.h in Headers */ = {isa = PBXBuildFile; fileRef = 0541E32E118719D00002C10A /* AFCacheableItemInfo.h */; };
		05800857118042B000F13D39 /* DateParser.m in Sources */ = {isa = PBXBuildFile; fileRef = 058008531180427A00F13D39 /* DateParser.m */; };
		0580085A118042B200F13D39 /* DateParser.h in Headers */ = {isa = PBXBuildFile; fileRef = 058008521180427A00F13D39 /* DateParser.h */; };
		058B2B9711E4F9C400317546 /* AFCache.m in Sources */ = {isa = PBXBuildFile; fileRef = 057A7AD6117F0EA50030645A /* AFCache.m */; };
		058B2B9811E4F9C400317546 /* AFCacheableItem.m in Sources */ = {isa = PBXBuildFile; fileRef = 057A7AD9117F0EA50030645A /* AFCacheableItem.m */; };
		058B2B9911E4F9C400317546 /* AFCacheableItemInfo.m in Sources */ = {isa = PBXBuildFile; fileRef = 0541E32F118719D00002C10A /* AFCacheableItemInfo.m */; };
		058B2B9A11E4F9C400317546 /* AFURLCache.m in Sources */ = {isa = PBXBuildFile; fileRef = 05C1ABC011DBFA61009B99F9 /* AFURLCache.m */; };
		058B2B9B11E4F9C400317546 /* DateParser.m in Sources */ = {isa = PBXBuildFile; fileRef = 058008531180427A00F13D39 /* DateParser.m */; };
		058B2BC211E4FAC400317546 /* AFCache.m in Sources */ = {isa = PBXBuildFile; fileRef = 057A7AD6117F0EA50030645A /* AFCache.m */; };
		058B2BC311E4FAC400317546 /* AFCacheableItem.m in Sources */ = {isa = PBXBuildFile; fileRef = 057A7AD9117F0EA50030645A /* AFCacheableItem.m */; };
		058B2BC411E4FAC400317546 /* AFCacheableItemInfo.m in Sources */ = {isa = PBXBuildFile; fileRef = 0541E32F118719D00002C10A /* AFCacheableItemInfo.m */; };
		058B2BC511E4FAC400317546 /* AFURLCache.m in Sources */ = {isa = PBXBuildFile; fileRef = 05C1ABC011DBFA61009B99F9 /* AFURLCache.m */; };
		058B2BC611E4FAC400317546 /* DateParser.m in Sources */ = {isa = PBXBuildFile; fileRef = 058008531180427A00F13D39 /* DateParser.m */; };
		058B2C2411E4FACE00317546 /* Foundation.framework in Frameworks */ = {isa = PBXBuildFile; fileRef = AACBBE490F95108600F1A2B1 /* Foundation.framework */; };
		058B2C2511E4FACE00317546 /* SystemConfiguration.framework in Frameworks */ = {isa = PBXBuildFile; fileRef = 057A7B20117F164A0030645A /* SystemConfiguration.framework */; };
		058B2C7711E4FB9C00317546 /* DemoAppDelegate.m in Sources */ = {isa = PBXBuildFile; fileRef = 058B2C7011E4FB9C00317546 /* DemoAppDelegate.m */; };
		058B2C7811E4FB9C00317546 /* DemoViewController.m in Sources */ = {isa = PBXBuildFile; fileRef = 058B2C7211E4FB9C00317546 /* DemoViewController.m */; };
		058B2C7911E4FB9C00317546 /* DemoViewController.xib in Resources */ = {isa = PBXBuildFile; fileRef = 058B2C7311E4FB9C00317546 /* DemoViewController.xib */; };
		058B2C7A11E4FB9C00317546 /* main.m in Sources */ = {isa = PBXBuildFile; fileRef = 058B2C7411E4FB9C00317546 /* main.m */; };
		058B2C7B11E4FB9C00317546 /* MainWindow.xib in Resources */ = {isa = PBXBuildFile; fileRef = 058B2C7511E4FB9C00317546 /* MainWindow.xib */; };
		059FB0131188871F0074AA4A /* CHANGES in Resources */ = {isa = PBXBuildFile; fileRef = 059FB0121188871F0074AA4A /* CHANGES */; };
		05C1ABC111DBFA61009B99F9 /* AFURLCache.h in Headers */ = {isa = PBXBuildFile; fileRef = 05C1ABBF11DBFA61009B99F9 /* AFURLCache.h */; };
		05C1ABC211DBFA61009B99F9 /* AFURLCache.m in Sources */ = {isa = PBXBuildFile; fileRef = 05C1ABC011DBFA61009B99F9 /* AFURLCache.m */; };
		AA747D9F0F9514B9006C5449 /* AFCache_Prefix.pch in Headers */ = {isa = PBXBuildFile; fileRef = AA747D9E0F9514B9006C5449 /* AFCache_Prefix.pch */; };
		AACBBE4A0F95108600F1A2B1 /* Foundation.framework in Frameworks */ = {isa = PBXBuildFile; fileRef = AACBBE490F95108600F1A2B1 /* Foundation.framework */; };
/* End PBXBuildFile section */

/* Begin PBXFileReference section */
		0541E32E118719D00002C10A /* AFCacheableItemInfo.h */ = {isa = PBXFileReference; fileEncoding = 4; lastKnownFileType = sourcecode.c.h; path = AFCacheableItemInfo.h; sourceTree = "<group>"; };
		0541E32F118719D00002C10A /* AFCacheableItemInfo.m */ = {isa = PBXFileReference; fileEncoding = 4; lastKnownFileType = sourcecode.c.objc; path = AFCacheableItemInfo.m; sourceTree = "<group>"; };
		057A7AD5117F0EA50030645A /* AFCache.h */ = {isa = PBXFileReference; fileEncoding = 4; lastKnownFileType = sourcecode.c.h; path = AFCache.h; sourceTree = "<group>"; };
		057A7AD6117F0EA50030645A /* AFCache.m */ = {isa = PBXFileReference; fileEncoding = 4; lastKnownFileType = sourcecode.c.objc; path = AFCache.m; sourceTree = "<group>"; };
		057A7AD7117F0EA50030645A /* AFCache+PrivateExtensions.h */ = {isa = PBXFileReference; fileEncoding = 4; lastKnownFileType = sourcecode.c.h; path = "AFCache+PrivateExtensions.h"; sourceTree = "<group>"; };
		057A7AD8117F0EA50030645A /* AFCacheableItem.h */ = {isa = PBXFileReference; fileEncoding = 4; lastKnownFileType = sourcecode.c.h; path = AFCacheableItem.h; sourceTree = "<group>"; };
		057A7AD9117F0EA50030645A /* AFCacheableItem.m */ = {isa = PBXFileReference; fileEncoding = 4; lastKnownFileType = sourcecode.c.objc; path = AFCacheableItem.m; sourceTree = "<group>"; };
		057A7AFE117F0FCB0030645A /* AFCacheUnitTests.octest */ = {isa = PBXFileReference; explicitFileType = wrapper.cfbundle; includeInIndex = 0; path = AFCacheUnitTests.octest; sourceTree = BUILT_PRODUCTS_DIR; };
		057A7AFF117F0FCB0030645A /* AFCacheUnitTests-Info.plist */ = {isa = PBXFileReference; lastKnownFileType = text.plist.xml; path = "AFCacheUnitTests-Info.plist"; sourceTree = "<group>"; };
		057A7B08117F11EB0030645A /* LogicTests.h */ = {isa = PBXFileReference; fileEncoding = 4; lastKnownFileType = sourcecode.c.h; path = LogicTests.h; sourceTree = "<group>"; };
		057A7B09117F11EB0030645A /* LogicTests.m */ = {isa = PBXFileReference; fileEncoding = 4; lastKnownFileType = sourcecode.c.objc; path = LogicTests.m; sourceTree = "<group>"; };
		057A7B20117F164A0030645A /* SystemConfiguration.framework */ = {isa = PBXFileReference; lastKnownFileType = wrapper.framework; name = SystemConfiguration.framework; path = System/Library/Frameworks/SystemConfiguration.framework; sourceTree = SDKROOT; };
		057A7CDC117F3F260030645A /* Test-Info.plist */ = {isa = PBXFileReference; lastKnownFileType = text.plist.xml; path = "Test-Info.plist"; sourceTree = "<group>"; };
		058008521180427A00F13D39 /* DateParser.h */ = {isa = PBXFileReference; fileEncoding = 4; lastKnownFileType = sourcecode.c.h; path = DateParser.h; sourceTree = "<group>"; };
		058008531180427A00F13D39 /* DateParser.m */ = {isa = PBXFileReference; fileEncoding = 4; lastKnownFileType = sourcecode.c.objc; path = DateParser.m; sourceTree = "<group>"; };
		058B2BBC11E4FAA500317546 /* Demo.app */ = {isa = PBXFileReference; explicitFileType = wrapper.application; includeInIndex = 0; path = Demo.app; sourceTree = BUILT_PRODUCTS_DIR; };
		058B2BBE11E4FAA500317546 /* Demo-Info.plist */ = {isa = PBXFileReference; lastKnownFileType = text.plist.xml; path = "Demo-Info.plist"; sourceTree = "<group>"; };
		058B2C6D11E4FB9C00317546 /* Demo_Prefix.pch */ = {isa = PBXFileReference; fileEncoding = 4; lastKnownFileType = sourcecode.c.h; name = Demo_Prefix.pch; path = demo/Demo_Prefix.pch; sourceTree = "<group>"; };
		058B2C6F11E4FB9C00317546 /* DemoAppDelegate.h */ = {isa = PBXFileReference; fileEncoding = 4; lastKnownFileType = sourcecode.c.h; name = DemoAppDelegate.h; path = demo/DemoAppDelegate.h; sourceTree = "<group>"; };
		058B2C7011E4FB9C00317546 /* DemoAppDelegate.m */ = {isa = PBXFileReference; fileEncoding = 4; lastKnownFileType = sourcecode.c.objc; name = DemoAppDelegate.m; path = demo/DemoAppDelegate.m; sourceTree = "<group>"; };
		058B2C7111E4FB9C00317546 /* DemoViewController.h */ = {isa = PBXFileReference; fileEncoding = 4; lastKnownFileType = sourcecode.c.h; name = DemoViewController.h; path = demo/DemoViewController.h; sourceTree = "<group>"; };
		058B2C7211E4FB9C00317546 /* DemoViewController.m */ = {isa = PBXFileReference; fileEncoding = 4; lastKnownFileType = sourcecode.c.objc; name = DemoViewController.m; path = demo/DemoViewController.m; sourceTree = "<group>"; };
		058B2C7311E4FB9C00317546 /* DemoViewController.xib */ = {isa = PBXFileReference; lastKnownFileType = file.xib; name = DemoViewController.xib; path = demo/DemoViewController.xib; sourceTree = "<group>"; };
		058B2C7411E4FB9C00317546 /* main.m */ = {isa = PBXFileReference; fileEncoding = 4; lastKnownFileType = sourcecode.c.objc; name = main.m; path = demo/main.m; sourceTree = "<group>"; };
		058B2C7511E4FB9C00317546 /* MainWindow.xib */ = {isa = PBXFileReference; lastKnownFileType = file.xib; name = MainWindow.xib; path = demo/MainWindow.xib; sourceTree = "<group>"; };
		058B2DD711E52ECF00317546 /* Demo-Info.plist */ = {isa = PBXFileReference; fileEncoding = 4; lastKnownFileType = text.plist.xml; name = "Demo-Info.plist"; path = "demo/Demo-Info.plist"; sourceTree = "<group>"; };
		059FB0121188871F0074AA4A /* CHANGES */ = {isa = PBXFileReference; fileEncoding = 4; lastKnownFileType = text; path = CHANGES; sourceTree = "<group>"; };
		05C1ABBF11DBFA61009B99F9 /* AFURLCache.h */ = {isa = PBXFileReference; fileEncoding = 4; lastKnownFileType = sourcecode.c.h; path = AFURLCache.h; sourceTree = "<group>"; };
		05C1ABC011DBFA61009B99F9 /* AFURLCache.m */ = {isa = PBXFileReference; fileEncoding = 4; lastKnownFileType = sourcecode.c.objc; path = AFURLCache.m; sourceTree = "<group>"; };
		AA747D9E0F9514B9006C5449 /* AFCache_Prefix.pch */ = {isa = PBXFileReference; fileEncoding = 4; lastKnownFileType = sourcecode.c.h; path = AFCache_Prefix.pch; sourceTree = SOURCE_ROOT; };
		AACBBE490F95108600F1A2B1 /* Foundation.framework */ = {isa = PBXFileReference; lastKnownFileType = wrapper.framework; name = Foundation.framework; path = System/Library/Frameworks/Foundation.framework; sourceTree = SDKROOT; };
		D2AAC07E0554694100DB518D /* libAFCache.a */ = {isa = PBXFileReference; explicitFileType = archive.ar; includeInIndex = 0; path = libAFCache.a; sourceTree = BUILT_PRODUCTS_DIR; };
/* End PBXFileReference section */

/* Begin PBXFrameworksBuildPhase section */
		057A7AFB117F0FCB0030645A /* Frameworks */ = {
			isa = PBXFrameworksBuildPhase;
			buildActionMask = 2147483647;
			files = (
				057A7B21117F164A0030645A /* SystemConfiguration.framework in Frameworks */,
			);
			runOnlyForDeploymentPostprocessing = 0;
		};
		058B2BBA11E4FAA500317546 /* Frameworks */ = {
			isa = PBXFrameworksBuildPhase;
			buildActionMask = 2147483647;
			files = (
				058B2C2411E4FACE00317546 /* Foundation.framework in Frameworks */,
				058B2C2511E4FACE00317546 /* SystemConfiguration.framework in Frameworks */,
			);
			runOnlyForDeploymentPostprocessing = 0;
		};
		D2AAC07C0554694100DB518D /* Frameworks */ = {
			isa = PBXFrameworksBuildPhase;
			buildActionMask = 2147483647;
			files = (
				AACBBE4A0F95108600F1A2B1 /* Foundation.framework in Frameworks */,
			);
			runOnlyForDeploymentPostprocessing = 0;
		};
/* End PBXFrameworksBuildPhase section */

/* Begin PBXGroup section */
		034768DFFF38A50411DB9C8B /* Products */ = {
			isa = PBXGroup;
			children = (
				D2AAC07E0554694100DB518D /* libAFCache.a */,
				057A7AFE117F0FCB0030645A /* AFCacheUnitTests.octest */,
				058B2BBC11E4FAA500317546 /* Demo.app */,
			);
			name = Products;
			sourceTree = "<group>";
		};
		057A7AE8117F0EE60030645A /* Classes */ = {
			isa = PBXGroup;
			children = (
				057A7AD5117F0EA50030645A /* AFCache.h */,
				057A7AD6117F0EA50030645A /* AFCache.m */,
				057A7AD7117F0EA50030645A /* AFCache+PrivateExtensions.h */,
				057A7AD8117F0EA50030645A /* AFCacheableItem.h */,
				057A7AD9117F0EA50030645A /* AFCacheableItem.m */,
				0541E32E118719D00002C10A /* AFCacheableItemInfo.h */,
				0541E32F118719D00002C10A /* AFCacheableItemInfo.m */,
				05C1ABBF11DBFA61009B99F9 /* AFURLCache.h */,
				05C1ABC011DBFA61009B99F9 /* AFURLCache.m */,
				058008521180427A00F13D39 /* DateParser.h */,
				058008531180427A00F13D39 /* DateParser.m */,
			);
			name = Classes;
			sourceTree = "<group>";
		};
		057A7B04117F0FEA0030645A /* Tests */ = {
			isa = PBXGroup;
			children = (
				057A7B08117F11EB0030645A /* LogicTests.h */,
				057A7B09117F11EB0030645A /* LogicTests.m */,
			);
			name = Tests;
			sourceTree = "<group>";
		};
		058B2C6211E4FB5900317546 /* AFCache Library */ = {
			isa = PBXGroup;
			children = (
				32C88DFF0371C24200C91783 /* Other Sources */,
				057A7AE8117F0EE60030645A /* Classes */,
			);
			name = "AFCache Library";
			sourceTree = "<group>";
		};
		058B2C6311E4FB7700317546 /* Demo */ = {
			isa = PBXGroup;
			children = (
				058B2C6D11E4FB9C00317546 /* Demo_Prefix.pch */,
				058B2DD711E52ECF00317546 /* Demo-Info.plist */,
				058B2C6F11E4FB9C00317546 /* DemoAppDelegate.h */,
				058B2C7011E4FB9C00317546 /* DemoAppDelegate.m */,
				058B2C7111E4FB9C00317546 /* DemoViewController.h */,
				058B2C7211E4FB9C00317546 /* DemoViewController.m */,
				058B2C7311E4FB9C00317546 /* DemoViewController.xib */,
				058B2C7411E4FB9C00317546 /* main.m */,
				058B2C7511E4FB9C00317546 /* MainWindow.xib */,
			);
			name = Demo;
			sourceTree = "<group>";
		};
		0867D691FE84028FC02AAC07 /* AFCache */ = {
			isa = PBXGroup;
			children = (
				058B2C6311E4FB7700317546 /* Demo */,
				058B2C6211E4FB5900317546 /* AFCache Library */,
				057A7B04117F0FEA0030645A /* Tests */,
				0867D69AFE84028FC02AAC07 /* Frameworks */,
				034768DFFF38A50411DB9C8B /* Products */,
				057A7AFF117F0FCB0030645A /* AFCacheUnitTests-Info.plist */,
				057A7CDC117F3F260030645A /* Test-Info.plist */,
				059FB0121188871F0074AA4A /* CHANGES */,
				058B2BBE11E4FAA500317546 /* Demo-Info.plist */,
			);
			name = AFCache;
			sourceTree = "<group>";
		};
		0867D69AFE84028FC02AAC07 /* Frameworks */ = {
			isa = PBXGroup;
			children = (
				AACBBE490F95108600F1A2B1 /* Foundation.framework */,
				057A7B20117F164A0030645A /* SystemConfiguration.framework */,
			);
			name = Frameworks;
			sourceTree = "<group>";
		};
		32C88DFF0371C24200C91783 /* Other Sources */ = {
			isa = PBXGroup;
			children = (
				AA747D9E0F9514B9006C5449 /* AFCache_Prefix.pch */,
			);
			name = "Other Sources";
			sourceTree = "<group>";
		};
/* End PBXGroup section */

/* Begin PBXHeadersBuildPhase section */
		D2AAC07A0554694100DB518D /* Headers */ = {
			isa = PBXHeadersBuildPhase;
			buildActionMask = 2147483647;
			files = (
				057E28C61199B87000E1B0B2 /* AFCacheableItemInfo.h in Headers */,
				0580085A118042B200F13D39 /* DateParser.h in Headers */,
				AA747D9F0F9514B9006C5449 /* AFCache_Prefix.pch in Headers */,
				057A7ADE117F0EA50030645A /* AFCache.h in Headers */,
				057A7AE0117F0EA50030645A /* AFCache+PrivateExtensions.h in Headers */,
				057A7AE1117F0EA50030645A /* AFCacheableItem.h in Headers */,
				05C1ABC111DBFA61009B99F9 /* AFURLCache.h in Headers */,
			);
			runOnlyForDeploymentPostprocessing = 0;
		};
/* End PBXHeadersBuildPhase section */

/* Begin PBXNativeTarget section */
		057A7AFD117F0FCB0030645A /* LogicTests */ = {
			isa = PBXNativeTarget;
			buildConfigurationList = 057A7B02117F0FCC0030645A /* Build configuration list for PBXNativeTarget "LogicTests" */;
			buildPhases = (
				057A7AF9117F0FCB0030645A /* Resources */,
				057A7AFA117F0FCB0030645A /* Sources */,
				057A7AFB117F0FCB0030645A /* Frameworks */,
				057A7AFC117F0FCB0030645A /* ShellScript */,
			);
			buildRules = (
			);
			dependencies = (
			);
			name = LogicTests;
			productName = AFCacheUnitTests;
			productReference = 057A7AFE117F0FCB0030645A /* AFCacheUnitTests.octest */;
			productType = "com.apple.product-type.bundle";
		};
		058B2BBB11E4FAA500317546 /* Demo */ = {
			isa = PBXNativeTarget;
			buildConfigurationList = 058B2BC111E4FAA500317546 /* Build configuration list for PBXNativeTarget "Demo" */;
			buildPhases = (
				058B2BB811E4FAA500317546 /* Resources */,
				058B2BB911E4FAA500317546 /* Sources */,
				058B2BBA11E4FAA500317546 /* Frameworks */,
			);
			buildRules = (
			);
			dependencies = (
			);
			name = Demo;
			productName = Demo;
			productReference = 058B2BBC11E4FAA500317546 /* Demo.app */;
			productType = "com.apple.product-type.application";
		};
		D2AAC07D0554694100DB518D /* AFCache */ = {
			isa = PBXNativeTarget;
			buildConfigurationList = 1DEB921E08733DC00010E9CD /* Build configuration list for PBXNativeTarget "AFCache" */;
			buildPhases = (
				D2AAC07A0554694100DB518D /* Headers */,
				D2AAC07B0554694100DB518D /* Sources */,
				D2AAC07C0554694100DB518D /* Frameworks */,
			);
			buildRules = (
			);
			dependencies = (
			);
			name = AFCache;
			productName = AFCache;
			productReference = D2AAC07E0554694100DB518D /* libAFCache.a */;
			productType = "com.apple.product-type.library.static";
		};
/* End PBXNativeTarget section */

/* Begin PBXProject section */
		0867D690FE84028FC02AAC07 /* Project object */ = {
			isa = PBXProject;
			buildConfigurationList = 1DEB922208733DC00010E9CD /* Build configuration list for PBXProject "AFCache" */;
			compatibilityVersion = "Xcode 3.1";
			hasScannedForEncodings = 1;
			mainGroup = 0867D691FE84028FC02AAC07 /* AFCache */;
			productRefGroup = 034768DFFF38A50411DB9C8B /* Products */;
			projectDirPath = "";
			projectRoot = "";
			targets = (
				D2AAC07D0554694100DB518D /* AFCache */,
				057A7AFD117F0FCB0030645A /* LogicTests */,
				058B2BBB11E4FAA500317546 /* Demo */,
			);
		};
/* End PBXProject section */

/* Begin PBXResourcesBuildPhase section */
		057A7AF9117F0FCB0030645A /* Resources */ = {
			isa = PBXResourcesBuildPhase;
			buildActionMask = 2147483647;
			files = (
				059FB0131188871F0074AA4A /* CHANGES in Resources */,
			);
			runOnlyForDeploymentPostprocessing = 0;
		};
		058B2BB811E4FAA500317546 /* Resources */ = {
			isa = PBXResourcesBuildPhase;
			buildActionMask = 2147483647;
			files = (
				058B2C7911E4FB9C00317546 /* DemoViewController.xib in Resources */,
				058B2C7B11E4FB9C00317546 /* MainWindow.xib in Resources */,
			);
			runOnlyForDeploymentPostprocessing = 0;
		};
/* End PBXResourcesBuildPhase section */

/* Begin PBXShellScriptBuildPhase section */
		057A7AFC117F0FCB0030645A /* ShellScript */ = {
			isa = PBXShellScriptBuildPhase;
			buildActionMask = 2147483647;
			files = (
			);
			inputPaths = (
			);
			outputPaths = (
			);
			runOnlyForDeploymentPostprocessing = 0;
			shellPath = /bin/sh;
			shellScript = "# Run the unit tests in this test bundle.\n\"${SYSTEM_DEVELOPER_DIR}/Tools/RunUnitTests\"\n";
		};
/* End PBXShellScriptBuildPhase section */

/* Begin PBXSourcesBuildPhase section */
		057A7AFA117F0FCB0030645A /* Sources */ = {
			isa = PBXSourcesBuildPhase;
			buildActionMask = 2147483647;
			files = (
				058B2B9711E4F9C400317546 /* AFCache.m in Sources */,
				058B2B9811E4F9C400317546 /* AFCacheableItem.m in Sources */,
				058B2B9911E4F9C400317546 /* AFCacheableItemInfo.m in Sources */,
				058B2B9A11E4F9C400317546 /* AFURLCache.m in Sources */,
				058B2B9B11E4F9C400317546 /* DateParser.m in Sources */,
				057A7B0A117F11EB0030645A /* LogicTests.m in Sources */,
			);
			runOnlyForDeploymentPostprocessing = 0;
		};
		058B2BB911E4FAA500317546 /* Sources */ = {
			isa = PBXSourcesBuildPhase;
			buildActionMask = 2147483647;
			files = (
				058B2BC211E4FAC400317546 /* AFCache.m in Sources */,
				058B2BC311E4FAC400317546 /* AFCacheableItem.m in Sources */,
				058B2BC411E4FAC400317546 /* AFCacheableItemInfo.m in Sources */,
				058B2BC511E4FAC400317546 /* AFURLCache.m in Sources */,
				058B2BC611E4FAC400317546 /* DateParser.m in Sources */,
				058B2C7711E4FB9C00317546 /* DemoAppDelegate.m in Sources */,
				058B2C7811E4FB9C00317546 /* DemoViewController.m in Sources */,
				058B2C7A11E4FB9C00317546 /* main.m in Sources */,
			);
			runOnlyForDeploymentPostprocessing = 0;
		};
		D2AAC07B0554694100DB518D /* Sources */ = {
			isa = PBXSourcesBuildPhase;
			buildActionMask = 2147483647;
			files = (
				05800857118042B000F13D39 /* DateParser.m in Sources */,
				057A7ADF117F0EA50030645A /* AFCache.m in Sources */,
				057A7AE2117F0EA50030645A /* AFCacheableItem.m in Sources */,
				057E28C51199B86B00E1B0B2 /* AFCacheableItemInfo.m in Sources */,
				05C1ABC211DBFA61009B99F9 /* AFURLCache.m in Sources */,
			);
			runOnlyForDeploymentPostprocessing = 0;
		};
/* End PBXSourcesBuildPhase section */

/* Begin XCBuildConfiguration section */
		057A7B00117F0FCC0030645A /* Debug */ = {
			isa = XCBuildConfiguration;
			buildSettings = {
				ALWAYS_SEARCH_USER_PATHS = NO;
				"CODE_SIGN_IDENTITY[sdk=iphoneos*]" = "";
				COPY_PHASE_STRIP = NO;
				FRAMEWORK_SEARCH_PATHS = (
					"\"$(SDKROOT)/Developer/Library/Frameworks\"",
					"\"$(DEVELOPER_LIBRARY_DIR)/Frameworks\"",
				);
				GCC_DYNAMIC_NO_PIC = NO;
				GCC_ENABLE_FIX_AND_CONTINUE = NO;
				GCC_ENABLE_OBJC_EXCEPTIONS = YES;
				GCC_OPTIMIZATION_LEVEL = 0;
				INFOPLIST_FILE = "AFCacheUnitTests-Info.plist";
				OTHER_LDFLAGS = (
					"-framework",
					Foundation,
					"-framework",
					SenTestingKit,
					"-framework",
					UIKit,
				);
				PREBINDING = NO;
				PRODUCT_NAME = AFCacheUnitTests;
				SDKROOT = iphonesimulator3.2;
				SEPARATE_STRIP = NO;
				SKIP_INSTALL = NO;
				STRIP_STYLE = "non-global";
				WRAPPER_EXTENSION = octest;
			};
			name = Debug;
		};
		057A7B01117F0FCC0030645A /* Release */ = {
			isa = XCBuildConfiguration;
			buildSettings = {
				ALWAYS_SEARCH_USER_PATHS = NO;
				"CODE_SIGN_IDENTITY[sdk=iphoneos*]" = "";
				COPY_PHASE_STRIP = YES;
				DEBUG_INFORMATION_FORMAT = "dwarf-with-dsym";
				FRAMEWORK_SEARCH_PATHS = (
					"\"$(SDKROOT)/Developer/Library/Frameworks\"",
					"\"$(DEVELOPER_LIBRARY_DIR)/Frameworks\"",
				);
				GCC_ENABLE_FIX_AND_CONTINUE = NO;
				GCC_ENABLE_OBJC_EXCEPTIONS = YES;
				INFOPLIST_FILE = "AFCacheUnitTests-Info.plist";
				OTHER_LDFLAGS = (
					"-framework",
					Foundation,
					"-framework",
					SenTestingKit,
					"-framework",
					UIKit,
				);
				PREBINDING = NO;
				PRODUCT_NAME = AFCacheUnitTests;
				SDKROOT = iphonesimulator3.2;
				SEPARATE_STRIP = NO;
				SKIP_INSTALL = NO;
				STRIP_STYLE = "non-global";
				WRAPPER_EXTENSION = octest;
				ZERO_LINK = NO;
			};
			name = Release;
		};
		058B2BBF11E4FAA500317546 /* Debug */ = {
			isa = XCBuildConfiguration;
			buildSettings = {
				ALWAYS_SEARCH_USER_PATHS = NO;
				CODE_SIGN_IDENTITY = "iPhone Developer";
				COPY_PHASE_STRIP = NO;
				GCC_DYNAMIC_NO_PIC = NO;
				GCC_OPTIMIZATION_LEVEL = 0;
				GCC_PRECOMPILE_PREFIX_HEADER = YES;
				GCC_PREFIX_HEADER = "$(SYSTEM_LIBRARY_DIR)/Frameworks/UIKit.framework/Headers/UIKit.h";
				INFOPLIST_FILE = "demo/Demo-Info.plist";
				INSTALL_PATH = "$(HOME)/Applications";
				OTHER_LDFLAGS = (
					"-framework",
					Foundation,
					"-framework",
					UIKit,
				);
				PREBINDING = NO;
				PRODUCT_NAME = Demo;
				SDKROOT = iphoneos3.2;
			};
			name = Debug;
		};
		058B2BC011E4FAA500317546 /* Release */ = {
			isa = XCBuildConfiguration;
			buildSettings = {
				ALWAYS_SEARCH_USER_PATHS = NO;
				CODE_SIGN_IDENTITY = "iPhone Developer";
				COPY_PHASE_STRIP = YES;
				DEBUG_INFORMATION_FORMAT = "dwarf-with-dsym";
				GCC_ENABLE_FIX_AND_CONTINUE = NO;
				GCC_PRECOMPILE_PREFIX_HEADER = YES;
				GCC_PREFIX_HEADER = "$(SYSTEM_LIBRARY_DIR)/Frameworks/UIKit.framework/Headers/UIKit.h";
				INFOPLIST_FILE = "Demo-Info.plist";
				INSTALL_PATH = "$(HOME)/Applications";
				OTHER_LDFLAGS = (
					"-framework",
					Foundation,
					"-framework",
					UIKit,
				);
				PREBINDING = NO;
				PRODUCT_NAME = Demo;
				SDKROOT = iphoneos3.2;
				ZERO_LINK = NO;
			};
			name = Release;
		};
		1DEB921F08733DC00010E9CD /* Debug */ = {
			isa = XCBuildConfiguration;
			buildSettings = {
				ALWAYS_SEARCH_USER_PATHS = NO;
				ARCHS = "$(ARCHS_STANDARD_32_BIT)";
				COPY_PHASE_STRIP = NO;
				DSTROOT = /tmp/AFCache.dst;
				GCC_DYNAMIC_NO_PIC = NO;
				GCC_ENABLE_FIX_AND_CONTINUE = YES;
				GCC_ENABLE_OBJC_GC = unsupported;
				GCC_MODEL_TUNING = G5;
				GCC_OPTIMIZATION_LEVEL = 0;
				GCC_PRECOMPILE_PREFIX_HEADER = YES;
				GCC_PREFIX_HEADER = AFCache_Prefix.pch;
				INSTALL_PATH = /usr/local/lib;
				OTHER_LDFLAGS = "-ObjC";
				PRODUCT_NAME = AFCache;
				SDKROOT = iphoneos3.0;
			};
			name = Debug;
		};
		1DEB922008733DC00010E9CD /* Release */ = {
			isa = XCBuildConfiguration;
			buildSettings = {
				ALWAYS_SEARCH_USER_PATHS = NO;
				ARCHS = "$(ARCHS_STANDARD_32_BIT)";
				DSTROOT = /tmp/AFCache.dst;
				GCC_MODEL_TUNING = G5;
				GCC_PRECOMPILE_PREFIX_HEADER = YES;
				GCC_PREFIX_HEADER = AFCache_Prefix.pch;
				INSTALL_PATH = /usr/local/lib;
				OTHER_LDFLAGS = "-ObjC";
				PRODUCT_NAME = AFCache;
				SDKROOT = iphoneos3.0;
			};
			name = Release;
		};
		1DEB922308733DC00010E9CD /* Debug */ = {
			isa = XCBuildConfiguration;
			buildSettings = {
				ARCHS = "$(ARCHS_STANDARD_32_BIT)";
				GCC_C_LANGUAGE_STANDARD = c99;
				GCC_OPTIMIZATION_LEVEL = 0;
				GCC_WARN_ABOUT_RETURN_TYPE = YES;
				GCC_WARN_UNUSED_VARIABLE = YES;
				OTHER_LDFLAGS = "-ObjC";
				PREBINDING = NO;
				SDKROOT = iphoneos3.2;
			};
			name = Debug;
		};
		1DEB922408733DC00010E9CD /* Release */ = {
			isa = XCBuildConfiguration;
			buildSettings = {
				ARCHS = "$(ARCHS_STANDARD_32_BIT)";
				GCC_C_LANGUAGE_STANDARD = c99;
				GCC_WARN_ABOUT_RETURN_TYPE = YES;
				GCC_WARN_UNUSED_VARIABLE = YES;
				OTHER_LDFLAGS = "-ObjC";
				PREBINDING = NO;
				SDKROOT = iphoneos3.2;
			};
			name = Release;
		};
/* End XCBuildConfiguration section */

/* Begin XCConfigurationList section */
		057A7B02117F0FCC0030645A /* Build configuration list for PBXNativeTarget "LogicTests" */ = {
			isa = XCConfigurationList;
			buildConfigurations = (
				057A7B00117F0FCC0030645A /* Debug */,
				057A7B01117F0FCC0030645A /* Release */,
			);
			defaultConfigurationIsVisible = 0;
			defaultConfigurationName = Release;
		};
		058B2BC111E4FAA500317546 /* Build configuration list for PBXNativeTarget "Demo" */ = {
			isa = XCConfigurationList;
			buildConfigurations = (
				058B2BBF11E4FAA500317546 /* Debug */,
				058B2BC011E4FAA500317546 /* Release */,
			);
			defaultConfigurationIsVisible = 0;
			defaultConfigurationName = Release;
		};
		1DEB921E08733DC00010E9CD /* Build configuration list for PBXNativeTarget "AFCache" */ = {
			isa = XCConfigurationList;
			buildConfigurations = (
				1DEB921F08733DC00010E9CD /* Debug */,
				1DEB922008733DC00010E9CD /* Release */,
			);
			defaultConfigurationIsVisible = 0;
			defaultConfigurationName = Release;
		};
		1DEB922208733DC00010E9CD /* Build configuration list for PBXProject "AFCache" */ = {
			isa = XCConfigurationList;
			buildConfigurations = (
				1DEB922308733DC00010E9CD /* Debug */,
				1DEB922408733DC00010E9CD /* Release */,
			);
			defaultConfigurationIsVisible = 0;
			defaultConfigurationName = Release;
		};
/* End XCConfigurationList section */
	};
	rootObject = 0867D690FE84028FC02AAC07 /* Project object */;
}
